
Microsoft Visual Studio Solution File, Format Version 12.00
# Visual Studio 15
VisualStudioVersion = 15.0.26124.0
MinimumVisualStudioVersion = 15.0.26124.0
Project("{FAE04EC0-301F-11D3-BF4B-00C04F79EFBC}") = "API", "API\API.csproj", "{C11FFBD1-2717-4534-9239-A2B68F3404C0}"
EndProject
Project("{FAE04EC0-301F-11D3-BF4B-00C04F79EFBC}") = "Core", "Core\Core.csproj", "{59963EDA-325B-4342-9F49-D82A8FB37AD2}"
EndProject
Project("{FAE04EC0-301F-11D3-BF4B-00C04F79EFBC}") = "Infrastructure", "Infrastructure\Infrastructure.csproj", "{2AF789C0-FC61-4B0D-B5A5-2F9C5FBB8947}"
EndProject
Global
	GlobalSection(SolutionConfigurationPlatforms) = preSolution
		Debug|Any CPU = Debug|Any CPU
		Debug|x64 = Debug|x64
		Debug|x86 = Debug|x86
		Release|Any CPU = Release|Any CPU
		Release|x64 = Release|x64
		Release|x86 = Release|x86
	EndGlobalSection
	GlobalSection(SolutionProperties) = preSolution
		HideSolutionNode = FALSE
	EndGlobalSection
	GlobalSection(ProjectConfigurationPlatforms) = postSolution
		{C11FFBD1-2717-4534-9239-A2B68F3404C0}.Debug|Any CPU.ActiveCfg = Debug|Any CPU
		{C11FFBD1-2717-4534-9239-A2B68F3404C0}.Debug|Any CPU.Build.0 = Debug|Any CPU
		{C11FFBD1-2717-4534-9239-A2B68F3404C0}.Debug|x64.ActiveCfg = Debug|Any CPU
		{C11FFBD1-2717-4534-9239-A2B68F3404C0}.Debug|x64.Build.0 = Debug|Any CPU
		{C11FFBD1-2717-4534-9239-A2B68F3404C0}.Debug|x86.ActiveCfg = Debug|Any CPU
		{C11FFBD1-2717-4534-9239-A2B68F3404C0}.Debug|x86.Build.0 = Debug|Any CPU
		{C11FFBD1-2717-4534-9239-A2B68F3404C0}.Release|Any CPU.ActiveCfg = Release|Any CPU
		{C11FFBD1-2717-4534-9239-A2B68F3404C0}.Release|Any CPU.Build.0 = Release|Any CPU
		{C11FFBD1-2717-4534-9239-A2B68F3404C0}.Release|x64.ActiveCfg = Release|Any CPU
		{C11FFBD1-2717-4534-9239-A2B68F3404C0}.Release|x64.Build.0 = Release|Any CPU
		{C11FFBD1-2717-4534-9239-A2B68F3404C0}.Release|x86.ActiveCfg = Release|Any CPU
		{C11FFBD1-2717-4534-9239-A2B68F3404C0}.Release|x86.Build.0 = Release|Any CPU
		{59963EDA-325B-4342-9F49-D82A8FB37AD2}.Debug|Any CPU.ActiveCfg = Debug|Any CPU
		{59963EDA-325B-4342-9F49-D82A8FB37AD2}.Debug|Any CPU.Build.0 = Debug|Any CPU
		{59963EDA-325B-4342-9F49-D82A8FB37AD2}.Debug|x64.ActiveCfg = Debug|Any CPU
		{59963EDA-325B-4342-9F49-D82A8FB37AD2}.Debug|x64.Build.0 = Debug|Any CPU
		{59963EDA-325B-4342-9F49-D82A8FB37AD2}.Debug|x86.ActiveCfg = Debug|Any CPU
		{59963EDA-325B-4342-9F49-D82A8FB37AD2}.Debug|x86.Build.0 = Debug|Any CPU
		{59963EDA-325B-4342-9F49-D82A8FB37AD2}.Release|Any CPU.ActiveCfg = Release|Any CPU
		{59963EDA-325B-4342-9F49-D82A8FB37AD2}.Release|Any CPU.Build.0 = Release|Any CPU
		{59963EDA-325B-4342-9F49-D82A8FB37AD2}.Release|x64.ActiveCfg = Release|Any CPU
		{59963EDA-325B-4342-9F49-D82A8FB37AD2}.Release|x64.Build.0 = Release|Any CPU
		{59963EDA-325B-4342-9F49-D82A8FB37AD2}.Release|x86.ActiveCfg = Release|Any CPU
		{59963EDA-325B-4342-9F49-D82A8FB37AD2}.Release|x86.Build.0 = Release|Any CPU
		{2AF789C0-FC61-4B0D-B5A5-2F9C5FBB8947}.Debug|Any CPU.ActiveCfg = Debug|Any CPU
		{2AF789C0-FC61-4B0D-B5A5-2F9C5FBB8947}.Debug|Any CPU.Build.0 = Debug|Any CPU
		{2AF789C0-FC61-4B0D-B5A5-2F9C5FBB8947}.Debug|x64.ActiveCfg = Debug|Any CPU
		{2AF789C0-FC61-4B0D-B5A5-2F9C5FBB8947}.Debug|x64.Build.0 = Debug|Any CPU
		{2AF789C0-FC61-4B0D-B5A5-2F9C5FBB8947}.Debug|x86.ActiveCfg = Debug|Any CPU
		{2AF789C0-FC61-4B0D-B5A5-2F9C5FBB8947}.Debug|x86.Build.0 = Debug|Any CPU
		{2AF789C0-FC61-4B0D-B5A5-2F9C5FBB8947}.Release|Any CPU.ActiveCfg = Release|Any CPU
		{2AF789C0-FC61-4B0D-B5A5-2F9C5FBB8947}.Release|Any CPU.Build.0 = Release|Any CPU
		{2AF789C0-FC61-4B0D-B5A5-2F9C5FBB8947}.Release|x64.ActiveCfg = Release|Any CPU
		{2AF789C0-FC61-4B0D-B5A5-2F9C5FBB8947}.Release|x64.Build.0 = Release|Any CPU
		{2AF789C0-FC61-4B0D-B5A5-2F9C5FBB8947}.Release|x86.ActiveCfg = Release|Any CPU
		{2AF789C0-FC61-4B0D-B5A5-2F9C5FBB8947}.Release|x86.Build.0 = Release|Any CPU
	EndGlobalSection
EndGlobal
